
Microsoft Visual Studio Solution File, Format Version 12.00
# Visual Studio Version 17
VisualStudioVersion = 17.2.32519.379
MinimumVisualStudioVersion = 10.0.40219.1
Project("{9A19103F-16F7-4668-BE54-9A1E7A4F7556}") = "ExchangeRateAPI.Web.Api.Contracts", "ExchangeRate.Web.Api.Contracts\ExchangeRateAPI.Web.Api.Contracts.csproj", "{3C3415B6-2490-4ABC-AFAF-31C6E178D35A}"
EndProject
Project("{9A19103F-16F7-4668-BE54-9A1E7A4F7556}") = "ExchangeRateAPI.Web.Api.Impl", "ExchangeRateAPI.Web.Api.Impl\ExchangeRateAPI.Web.Api.Impl.csproj", "{2CD4D923-99CC-4963-892C-1056B9D5E26F}"
EndProject
Project("{9A19103F-16F7-4668-BE54-9A1E7A4F7556}") = "ExchangeRateAPI.Web.Api.Test", "ExchangeRateAPI.Web.Api.Test\ExchangeRateAPI.Web.Api.Test.csproj", "{020CC188-A452-4498-A79E-FE15814E8153}"
EndProject
Project("{9A19103F-16F7-4668-BE54-9A1E7A4F7556}") = "ExchangeRateAPI.Web.API", "ExchangeRateAPI.Web.API\ExchangeRateAPI.Web.API.csproj", "{DF6567D6-7254-4FF4-AEF4-20C8E9076021}"
EndProject
Project("{9A19103F-16F7-4668-BE54-9A1E7A4F7556}") = "ExchangeRateAPI.Web.Api.DAL", "ExchangeRateAPI.Web.Api.DAL\ExchangeRateAPI.Web.Api.DAL.csproj", "{F6F7A1C6-A93D-4663-B840-72EAAA1211BA}"
EndProject
Global
	GlobalSection(SolutionConfigurationPlatforms) = preSolution
		Debug|Any CPU = Debug|Any CPU
		Release|Any CPU = Release|Any CPU
	EndGlobalSection
	GlobalSection(ProjectConfigurationPlatforms) = postSolution
		{3C3415B6-2490-4ABC-AFAF-31C6E178D35A}.Debug|Any CPU.ActiveCfg = Debug|Any CPU
		{3C3415B6-2490-4ABC-AFAF-31C6E178D35A}.Debug|Any CPU.Build.0 = Debug|Any CPU
		{3C3415B6-2490-4ABC-AFAF-31C6E178D35A}.Release|Any CPU.ActiveCfg = Release|Any CPU
		{3C3415B6-2490-4ABC-AFAF-31C6E178D35A}.Release|Any CPU.Build.0 = Release|Any CPU
		{2CD4D923-99CC-4963-892C-1056B9D5E26F}.Debug|Any CPU.ActiveCfg = Debug|Any CPU
		{2CD4D923-99CC-4963-892C-1056B9D5E26F}.Debug|Any CPU.Build.0 = Debug|Any CPU
		{2CD4D923-99CC-4963-892C-1056B9D5E26F}.Release|Any CPU.ActiveCfg = Release|Any CPU
		{2CD4D923-99CC-4963-892C-1056B9D5E26F}.Release|Any CPU.Build.0 = Release|Any CPU
		{020CC188-A452-4498-A79E-FE15814E8153}.Debug|Any CPU.ActiveCfg = Debug|Any CPU
		{020CC188-A452-4498-A79E-FE15814E8153}.Debug|Any CPU.Build.0 = Debug|Any CPU
		{020CC188-A452-4498-A79E-FE15814E8153}.Release|Any CPU.ActiveCfg = Release|Any CPU
		{020CC188-A452-4498-A79E-FE15814E8153}.Release|Any CPU.Build.0 = Release|Any CPU
		{DF6567D6-7254-4FF4-AEF4-20C8E9076021}.Debug|Any CPU.ActiveCfg = Debug|Any CPU
		{DF6567D6-7254-4FF4-AEF4-20C8E9076021}.Debug|Any CPU.Build.0 = Debug|Any CPU
		{DF6567D6-7254-4FF4-AEF4-20C8E9076021}.Release|Any CPU.ActiveCfg = Release|Any CPU
		{DF6567D6-7254-4FF4-AEF4-20C8E9076021}.Release|Any CPU.Build.0 = Release|Any CPU
		{F6F7A1C6-A93D-4663-B840-72EAAA1211BA}.Debug|Any CPU.ActiveCfg = Debug|Any CPU
		{F6F7A1C6-A93D-4663-B840-72EAAA1211BA}.Debug|Any CPU.Build.0 = Debug|Any CPU
		{F6F7A1C6-A93D-4663-B840-72EAAA1211BA}.Release|Any CPU.ActiveCfg = Release|Any CPU
		{F6F7A1C6-A93D-4663-B840-72EAAA1211BA}.Release|Any CPU.Build.0 = Release|Any CPU
	EndGlobalSection
	GlobalSection(SolutionProperties) = preSolution
		HideSolutionNode = FALSE
	EndGlobalSection
	GlobalSection(ExtensibilityGlobals) = postSolution
		SolutionGuid = {64338D77-5D89-4402-98CC-B2E4316D98F4}
	EndGlobalSection
EndGlobal
